
Microsoft Visual Studio Solution File, Format Version 12.00
# Visual Studio 2012
Project("{FAE04EC0-301F-11D3-BF4B-00C04F79EFBC}") = "Cities_console", "Cities_console\Cities_console.csproj", "{0C212499-E933-49A4-B3E5-E117FF1F922A}"
EndProject
Global
	GlobalSection(SolutionConfigurationPlatforms) = preSolution
		Debug|x86 = Debug|x86
		Release|x86 = Release|x86
	EndGlobalSection
	GlobalSection(ProjectConfigurationPlatforms) = postSolution
		{0C212499-E933-49A4-B3E5-E117FF1F922A}.Debug|x86.ActiveCfg = Debug|x86
		{0C212499-E933-49A4-B3E5-E117FF1F922A}.Debug|x86.Build.0 = Debug|x86
		{0C212499-E933-49A4-B3E5-E117FF1F922A}.Release|x86.ActiveCfg = Release|x86
		{0C212499-E933-49A4-B3E5-E117FF1F922A}.Release|x86.Build.0 = Release|x86
	EndGlobalSection
EndGlobal
